# THIS FILE IS AUTOMATICALLY GENERATED BY YARN
# yarn lockfile v1


"@hookform/resolvers@^5.0.1":
  version "5.0.1"
  resolved "https://registry.yarnpkg.com/@hookform/resolvers/-/resolvers-5.0.1.tgz"
  
"react@^18.2.0":
  version "18.2.0"
  resolved "https://registry.yarnpkg.com/react/-/react-18.2.0.tgz"

"react-dom@^18.2.0":
  version "18.2.0"
  resolved "https://registry.yarnpkg.com/react-dom/-/react-dom-18.2.0.tgz"

# This is a minimal lockfile to resolve GitHub Actions cache issue
# Full dependencies will be installed during actual build process